
Microsoft Visual Studio Solution File, Format Version 12.00
# Visual Studio Version 16
VisualStudioVersion = 16.0.32413.511
MinimumVisualStudioVersion = 10.0.40219.1
Project("{FAE04EC0-301F-11D3-BF4B-00C04F79EFBC}") = "InAndOut", "InAndOut\InAndOut.csproj", "{EAFC4C21-B4EB-43A0-B1F9-6BCAFCF9BEDF}"
EndProject
Global
	GlobalSection(SolutionConfigurationPlatforms) = preSolution
		Debug|Any CPU = Debug|Any CPU
		Release|Any CPU = Release|Any CPU
	EndGlobalSection
	GlobalSection(ProjectConfigurationPlatforms) = postSolution
		{EAFC4C21-B4EB-43A0-B1F9-6BCAFCF9BEDF}.Debug|Any CPU.ActiveCfg = Debug|Any CPU
		{EAFC4C21-B4EB-43A0-B1F9-6BCAFCF9BEDF}.Debug|Any CPU.Build.0 = Debug|Any CPU
		{EAFC4C21-B4EB-43A0-B1F9-6BCAFCF9BEDF}.Release|Any CPU.ActiveCfg = Release|Any CPU
		{EAFC4C21-B4EB-43A0-B1F9-6BCAFCF9BEDF}.Release|Any CPU.Build.0 = Release|Any CPU
	EndGlobalSection
	GlobalSection(SolutionProperties) = preSolution
		HideSolutionNode = FALSE
	EndGlobalSection
	GlobalSection(ExtensibilityGlobals) = postSolution
		SolutionGuid = {E5FF3027-AF06-49C0-ADAA-50F7B7ED59CD}
	EndGlobalSection
EndGlobal
